{
  "name": "youtube2022_voice_edit",
  "lockfileVersion": 3,
  "requires": true,
  "packages": {
    "": {
      "dependencies": {
        "mysql2": "^3.9.1"
      }
    },
    "node_modules/denque": {
      "version": "2.1.0",
      "resolved": "https://registry.npmjs.org/denque/-/denque-2.1.0.tgz",
      "integrity": "sha512-HVQE3AAb/pxF8fQAoiqpvg9i3evqug3hoiwakOyZAwJm+6vZehbkYXZ0l4JxS+I3QxM97v5aaRNhj8v5oBhekw==",
      "engines": {
        "node": ">=0.10"
      }
    },
    "node_modules/generate-function": {
      "version": "2.3.1",
      "resolved": "https://registry.npmjs.org/generate-function/-/generate-function-2.3.1.tgz",
      "integrity": "sha512-eeB5GfMNeevm/GRYq20ShmsaGcmI81kIX2K9XQx5miC8KdHaC6Jm0qQ8ZNeGOi7wYB8OsdxKs+Y2oVuTFuVwKQ==",
      "dependencies": {
        "is-property": "^1.0.2"
      }
    },
    "node_modules/iconv-lite": {
      "version": "0.6.3",
      "resolved": "https://registry.npmjs.org/iconv-lite/-/iconv-lite-0.6.3.tgz",
      "integrity": "sha512-4fCk79wshMdzMp2rH06qWrJE4iolqLhCUH+OiuIgU++RB0+94NlDL81atO7GX55uUKueo0txHNtvEyI6D7WdMw==",
      "dependencies": {
        "safer-buffer": ">= 2.1.2 < 3.0.0"
      },
      "engines": {
        "node": ">=0.10.0"
      }
    },
    "node_modules/is-property": {
      "version": "1.0.2",
      "resolved": "https://registry.npmjs.org/is-property/-/is-property-1.0.2.tgz",
      "integrity": "sha512-Ks/IoX00TtClbGQr4TWXemAnktAQvYB7HzcCxDGqEZU6oCmb2INHuOoKxbtR+HFkmYWBKv/dOZtGRiAjDhj92g=="
    },
    "node_modules/long": {
      "version": "5.2.3",
      "resolved": "https://registry.npmjs.org/long/-/long-5.2.3.tgz",
      "integrity": "sha512-lcHwpNoggQTObv5apGNCTdJrO69eHOZMi4BNC+rTLER8iHAqGrUVeLh/irVIM7zTw2bOXA8T6uNPeujwOLg/2Q=="
    },
    "node_modules/lru-cache": {
      "version": "8.0.5",
      "resolved": "https://registry.npmjs.org/lru-cache/-/lru-cache-8.0.5.tgz",
      "integrity": "sha512-MhWWlVnuab1RG5/zMRRcVGXZLCXrZTgfwMikgzCegsPnG62yDQo5JnqKkrK4jO5iKqDAZGItAqN5CtKBCBWRUA==",
      "engines": {
        "node": ">=16.14"
      }
    },
    "node_modules/mysql2": {
      "version": "3.9.1",
      "resolved": "https://registry.npmjs.org/mysql2/-/mysql2-3.9.1.tgz",
      "integrity": "sha512-3njoWAAhGBYy0tWBabqUQcLtczZUxrmmtc2vszQUekg3kTJyZ5/IeLC3Fo04u6y6Iy5Sba7pIIa2P/gs8D3ZeQ==",
      "dependencies": {
        "denque": "^2.1.0",
        "generate-function": "^2.3.1",
        "iconv-lite": "^0.6.3",
        "long": "^5.2.1",
        "lru-cache": "^8.0.0",
        "named-placeholders": "^1.1.3",
        "seq-queue": "^0.0.5",
        "sqlstring": "^2.3.2"
      },
      "engines": {
        "node": ">= 8.0"
      }
    },
    "node_modules/named-placeholders": {
      "version": "1.1.3",
      "resolved": "https://registry.npmjs.org/named-placeholders/-/named-placeholders-1.1.3.tgz",
      "integrity": "sha512-eLoBxg6wE/rZkJPhU/xRX1WTpkFEwDJEN96oxFrTsqBdbT5ec295Q+CoHrL9IT0DipqKhmGcaZmwOt8OON5x1w==",
      "dependencies": {
        "lru-cache": "^7.14.1"
      },
      "engines": {
        "node": ">=12.0.0"
      }
    },
    "node_modules/named-placeholders/node_modules/lru-cache": {
      "version": "7.18.3",
      "resolved": "https://registry.npmjs.org/lru-cache/-/lru-cache-7.18.3.tgz",
      "integrity": "sha512-jumlc0BIUrS3qJGgIkWZsyfAM7NCWiBcCDhnd+3NNM5KbBmLTgHVfWBcg6W+rLUsIpzpERPsvwUP7CckAQSOoA==",
      "engines": {
        "node": ">=12"
      }
    },
    "node_modules/safer-buffer": {
      "version": "2.1.2",
      "resolved": "https://registry.npmjs.org/safer-buffer/-/safer-buffer-2.1.2.tgz",
      "integrity": "sha512-YZo3K82SD7Riyi0E1EQPojLz7kpepnSQI9IyPbHHg1XXXevb5dJI7tpyN2ADxGcQbHG7vcyRHk0cbwqcQriUtg=="
    },
    "node_modules/seq-queue": {
      "version": "0.0.5",
      "resolved": "https://registry.npmjs.org/seq-queue/-/seq-queue-0.0.5.tgz",
      "integrity": "sha512-hr3Wtp/GZIc/6DAGPDcV4/9WoZhjrkXsi5B/07QgX8tsdc6ilr7BFM6PM6rbdAX1kFSDYeZGLipIZZKyQP0O5Q=="
    },
    "node_modules/sqlstring": {
      "version": "2.3.3",
      "resolved": "https://registry.npmjs.org/sqlstring/-/sqlstring-2.3.3.tgz",
      "integrity": "sha512-qC9iz2FlN7DQl3+wjwn3802RTyjCx7sDvfQEXchwa6CWOx07/WVfh91gBmQ9fahw8snwGEWU3xGzOt4tFyHLxg==",
      "engines": {
        "node": ">= 0.6"
      }
    }
  }
}
